
Microsoft Visual Studio Solution File, Format Version 12.00
# Visual Studio Version 16
VisualStudioVersion = 16.0.30804.86
MinimumVisualStudioVersion = 10.0.40219.1
Project("{9A19103F-16F7-4668-BE54-9A1E7A4F7556}") = "AsyncInn", "AsyncInn\AsyncInn.csproj", "{541FE23F-0852-490A-8D0C-159C3AF84714}"
EndProject
Project("{FAE04EC0-301F-11D3-BF4B-00C04F79EFBC}") = "AsyncInnTest", "AsyncInnTest\AsyncInnTest.csproj", "{F4764039-CAC3-4108-85E6-48B906E46FB8}"
EndProject
Global
	GlobalSection(SolutionConfigurationPlatforms) = preSolution
		Debug|Any CPU = Debug|Any CPU
		Release|Any CPU = Release|Any CPU
	EndGlobalSection
	GlobalSection(ProjectConfigurationPlatforms) = postSolution
		{541FE23F-0852-490A-8D0C-159C3AF84714}.Debug|Any CPU.ActiveCfg = Debug|Any CPU
		{541FE23F-0852-490A-8D0C-159C3AF84714}.Debug|Any CPU.Build.0 = Debug|Any CPU
		{541FE23F-0852-490A-8D0C-159C3AF84714}.Release|Any CPU.ActiveCfg = Release|Any CPU
		{541FE23F-0852-490A-8D0C-159C3AF84714}.Release|Any CPU.Build.0 = Release|Any CPU
		{F4764039-CAC3-4108-85E6-48B906E46FB8}.Debug|Any CPU.ActiveCfg = Debug|Any CPU
		{F4764039-CAC3-4108-85E6-48B906E46FB8}.Debug|Any CPU.Build.0 = Debug|Any CPU
		{F4764039-CAC3-4108-85E6-48B906E46FB8}.Release|Any CPU.ActiveCfg = Release|Any CPU
		{F4764039-CAC3-4108-85E6-48B906E46FB8}.Release|Any CPU.Build.0 = Release|Any CPU
	EndGlobalSection
	GlobalSection(SolutionProperties) = preSolution
		HideSolutionNode = FALSE
	EndGlobalSection
	GlobalSection(ExtensibilityGlobals) = postSolution
		SolutionGuid = {7E6C7847-7FD7-4234-AB78-6BAB04C55344}
	EndGlobalSection
EndGlobal
